// !$*UTF8*$!
{
	archiveVersion = 1;
	classes = {
	};
	objectVersion = 51;
	objects = {

/* Begin PBXBuildFile section */
		69AE1975B8D6B9314C83BD78 /* Pods_MyToDoList.framework in Frameworks */ = {isa = PBXBuildFile; fileRef = CC78639869C506453381858A /* Pods_MyToDoList.framework */; };
		9F0B16F9236A834100D25456 /* CategoryViewController.swift in Sources */ = {isa = PBXBuildFile; fileRef = 9F0B16F8236A834100D25456 /* CategoryViewController.swift */; };
		9F0D0CC0236BBD9200845FB6 /* Item.swift in Sources */ = {isa = PBXBuildFile; fileRef = 9F0D0CBF236BBD9200845FB6 /* Item.swift */; };
		9F0D0CC2236BBDF400845FB6 /* Category.swift in Sources */ = {isa = PBXBuildFile; fileRef = 9F0D0CC1236BBDF400845FB6 /* Category.swift */; };
		9F5ADAB8236FC0CB00473B75 /* SwipeTableViewController.swift in Sources */ = {isa = PBXBuildFile; fileRef = 9F5ADAB7236FC0CB00473B75 /* SwipeTableViewController.swift */; };
		9FD8585B2361503E0000A612 /* AppDelegate.swift in Sources */ = {isa = PBXBuildFile; fileRef = 9FD8585A2361503E0000A612 /* AppDelegate.swift */; };
		9FD8585D2361503E0000A612 /* TodoListViewController.swift in Sources */ = {isa = PBXBuildFile; fileRef = 9FD8585C2361503E0000A612 /* TodoListViewController.swift */; };
		9FD858602361503E0000A612 /* Main.storyboard in Resources */ = {isa = PBXBuildFile; fileRef = 9FD8585E2361503E0000A612 /* Main.storyboard */; };
		9FD858622361503F0000A612 /* Assets.xcassets in Resources */ = {isa = PBXBuildFile; fileRef = 9FD858612361503F0000A612 /* Assets.xcassets */; };
		9FD85865236150400000A612 /* LaunchScreen.storyboard in Resources */ = {isa = PBXBuildFile; fileRef = 9FD85863236150400000A612 /* LaunchScreen.storyboard */; };
/* End PBXBuildFile section */

/* Begin PBXFileReference section */
		7FF79EA8DD6F1372E47B9FAC /* Pods-MyToDoList.debug.xcconfig */ = {isa = PBXFileReference; includeInIndex = 1; lastKnownFileType = text.xcconfig; name = "Pods-MyToDoList.debug.xcconfig"; path = "Target Support Files/Pods-MyToDoList/Pods-MyToDoList.debug.xcconfig"; sourceTree = "<group>"; };
		9F0B16F8236A834100D25456 /* CategoryViewController.swift */ = {isa = PBXFileReference; lastKnownFileType = sourcecode.swift; path = CategoryViewController.swift; sourceTree = "<group>"; };
		9F0D0CBF236BBD9200845FB6 /* Item.swift */ = {isa = PBXFileReference; lastKnownFileType = sourcecode.swift; path = Item.swift; sourceTree = "<group>"; };
		9F0D0CC1236BBDF400845FB6 /* Category.swift */ = {isa = PBXFileReference; lastKnownFileType = sourcecode.swift; path = Category.swift; sourceTree = "<group>"; };
		9F5ADAB7236FC0CB00473B75 /* SwipeTableViewController.swift */ = {isa = PBXFileReference; lastKnownFileType = sourcecode.swift; path = SwipeTableViewController.swift; sourceTree = "<group>"; };
		9FD858572361503E0000A612 /* MyToDoList.app */ = {isa = PBXFileReference; explicitFileType = wrapper.application; includeInIndex = 0; path = MyToDoList.app; sourceTree = BUILT_PRODUCTS_DIR; };
		9FD8585A2361503E0000A612 /* AppDelegate.swift */ = {isa = PBXFileReference; lastKnownFileType = sourcecode.swift; path = AppDelegate.swift; sourceTree = "<group>"; };
		9FD8585C2361503E0000A612 /* TodoListViewController.swift */ = {isa = PBXFileReference; lastKnownFileType = sourcecode.swift; path = TodoListViewController.swift; sourceTree = "<group>"; };
		9FD8585F2361503E0000A612 /* Base */ = {isa = PBXFileReference; lastKnownFileType = file.storyboard; name = Base; path = Base.lproj/Main.storyboard; sourceTree = "<group>"; };
		9FD858612361503F0000A612 /* Assets.xcassets */ = {isa = PBXFileReference; lastKnownFileType = folder.assetcatalog; path = Assets.xcassets; sourceTree = "<group>"; };
		9FD85864236150400000A612 /* Base */ = {isa = PBXFileReference; lastKnownFileType = file.storyboard; name = Base; path = Base.lproj/LaunchScreen.storyboard; sourceTree = "<group>"; };
		9FD85866236150400000A612 /* Info.plist */ = {isa = PBXFileReference; lastKnownFileType = text.plist.xml; path = Info.plist; sourceTree = "<group>"; };
		C0A42AFE5D00C5CD50EF4347 /* Pods-MyToDoList.release.xcconfig */ = {isa = PBXFileReference; includeInIndex = 1; lastKnownFileType = text.xcconfig; name = "Pods-MyToDoList.release.xcconfig"; path = "Target Support Files/Pods-MyToDoList/Pods-MyToDoList.release.xcconfig"; sourceTree = "<group>"; };
		CC78639869C506453381858A /* Pods_MyToDoList.framework */ = {isa = PBXFileReference; explicitFileType = wrapper.framework; includeInIndex = 0; path = Pods_MyToDoList.framework; sourceTree = BUILT_PRODUCTS_DIR; };
/* End PBXFileReference section */

/* Begin PBXFrameworksBuildPhase section */
		9FD858542361503E0000A612 /* Frameworks */ = {
			isa = PBXFrameworksBuildPhase;
			buildActionMask = 2147483647;
			files = (
				69AE1975B8D6B9314C83BD78 /* Pods_MyToDoList.framework in Frameworks */,
			);
			runOnlyForDeploymentPostprocessing = 0;
		};
/* End PBXFrameworksBuildPhase section */

/* Begin PBXGroup section */
		02A0B9D24FA3639B2378EDC7 /* Frameworks */ = {
			isa = PBXGroup;
			children = (
				CC78639869C506453381858A /* Pods_MyToDoList.framework */,
			);
			name = Frameworks;
			sourceTree = "<group>";
		};
		9F8F201E23692148003E6792 /* Data Model */ = {
			isa = PBXGroup;
			children = (
				9F0D0CBF236BBD9200845FB6 /* Item.swift */,
				9F0D0CC1236BBDF400845FB6 /* Category.swift */,
			);
			path = "Data Model";
			sourceTree = "<group>";
		};
		9F8F201F236922E4003E6792 /* Controllers */ = {
			isa = PBXGroup;
			children = (
				9F0B16F8236A834100D25456 /* CategoryViewController.swift */,
				9FD8585C2361503E0000A612 /* TodoListViewController.swift */,
				9F5ADAB7236FC0CB00473B75 /* SwipeTableViewController.swift */,
			);
			path = Controllers;
			sourceTree = "<group>";
		};
		9F8F20202369230B003E6792 /* Supporting Files */ = {
			isa = PBXGroup;
			children = (
				9FD858612361503F0000A612 /* Assets.xcassets */,
				9FD85863236150400000A612 /* LaunchScreen.storyboard */,
			);
			path = "Supporting Files";
			sourceTree = "<group>";
		};
		9F8F20212369231B003E6792 /* Views */ = {
			isa = PBXGroup;
			children = (
				9FD8585E2361503E0000A612 /* Main.storyboard */,
			);
			path = Views;
			sourceTree = "<group>";
		};
		9FD8584E2361503E0000A612 = {
			isa = PBXGroup;
			children = (
				9FD858592361503E0000A612 /* MyToDoList */,
				9FD858582361503E0000A612 /* Products */,
				C773B18B32CE1213FE510983 /* Pods */,
				02A0B9D24FA3639B2378EDC7 /* Frameworks */,
			);
			sourceTree = "<group>";
		};
		9FD858582361503E0000A612 /* Products */ = {
			isa = PBXGroup;
			children = (
				9FD858572361503E0000A612 /* MyToDoList.app */,
			);
			name = Products;
			sourceTree = "<group>";
		};
		9FD858592361503E0000A612 /* MyToDoList */ = {
			isa = PBXGroup;
			children = (
				9FD8585A2361503E0000A612 /* AppDelegate.swift */,
				9F8F201F236922E4003E6792 /* Controllers */,
				9F8F20212369231B003E6792 /* Views */,
				9F8F20202369230B003E6792 /* Supporting Files */,
				9F8F201E23692148003E6792 /* Data Model */,
				9FD85866236150400000A612 /* Info.plist */,
			);
			path = MyToDoList;
			sourceTree = "<group>";
		};
		C773B18B32CE1213FE510983 /* Pods */ = {
			isa = PBXGroup;
			children = (
				7FF79EA8DD6F1372E47B9FAC /* Pods-MyToDoList.debug.xcconfig */,
				C0A42AFE5D00C5CD50EF4347 /* Pods-MyToDoList.release.xcconfig */,
			);
			path = Pods;
			sourceTree = "<group>";
		};
/* End PBXGroup section */

/* Begin PBXNativeTarget section */
		9FD858562361503E0000A612 /* MyToDoList */ = {
			isa = PBXNativeTarget;
			buildConfigurationList = 9FD85869236150400000A612 /* Build configuration list for PBXNativeTarget "MyToDoList" */;
			buildPhases = (
				FF165115F63339BE73137C71 /* [CP] Check Pods Manifest.lock */,
				9FD858532361503E0000A612 /* Sources */,
				9FD858542361503E0000A612 /* Frameworks */,
				9FD858552361503E0000A612 /* Resources */,
				C883B0404CE102386C910880 /* [CP] Embed Pods Frameworks */,
			);
			buildRules = (
			);
			dependencies = (
			);
			name = MyToDoList;
			productName = MyToDoList;
			productReference = 9FD858572361503E0000A612 /* MyToDoList.app */;
			productType = "com.apple.product-type.application";
		};
/* End PBXNativeTarget section */

/* Begin PBXProject section */
		9FD8584F2361503E0000A612 /* Project object */ = {
			isa = PBXProject;
			attributes = {
				LastSwiftUpdateCheck = 1030;
				LastUpgradeCheck = 1030;
				ORGANIZATIONNAME = Mirzayantie;
				TargetAttributes = {
					9FD858562361503E0000A612 = {
						CreatedOnToolsVersion = 10.3;
					};
				};
			};
			buildConfigurationList = 9FD858522361503E0000A612 /* Build configuration list for PBXProject "MyToDoList" */;
			compatibilityVersion = "Xcode 9.3";
			developmentRegion = en;
			hasScannedForEncodings = 0;
			knownRegions = (
				en,
				Base,
			);
			mainGroup = 9FD8584E2361503E0000A612;
			productRefGroup = 9FD858582361503E0000A612 /* Products */;
			projectDirPath = "";
			projectRoot = "";
			targets = (
				9FD858562361503E0000A612 /* MyToDoList */,
			);
		};
/* End PBXProject section */

/* Begin PBXResourcesBuildPhase section */
		9FD858552361503E0000A612 /* Resources */ = {
			isa = PBXResourcesBuildPhase;
			buildActionMask = 2147483647;
			files = (
				9FD85865236150400000A612 /* LaunchScreen.storyboard in Resources */,
				9FD858622361503F0000A612 /* Assets.xcassets in Resources */,
				9FD858602361503E0000A612 /* Main.storyboard in Resources */,
			);
			runOnlyForDeploymentPostprocessing = 0;
		};
/* End PBXResourcesBuildPhase section */

/* Begin PBXShellScriptBuildPhase section */
		C883B0404CE102386C910880 /* [CP] Embed Pods Frameworks */ = {
			isa = PBXShellScriptBuildPhase;
			buildActionMask = 2147483647;
			files = (
			);
			inputFileListPaths = (
				"${PODS_ROOT}/Target Support Files/Pods-MyToDoList/Pods-MyToDoList-frameworks-${CONFIGURATION}-input-files.xcfilelist",
			);
			name = "[CP] Embed Pods Frameworks";
			outputFileListPaths = (
				"${PODS_ROOT}/Target Support Files/Pods-MyToDoList/Pods-MyToDoList-frameworks-${CONFIGURATION}-output-files.xcfilelist",
			);
			runOnlyForDeploymentPostprocessing = 0;
			shellPath = /bin/sh;
			shellScript = "\"${PODS_ROOT}/Target Support Files/Pods-MyToDoList/Pods-MyToDoList-frameworks.sh\"\n";
			showEnvVarsInLog = 0;
		};
		FF165115F63339BE73137C71 /* [CP] Check Pods Manifest.lock */ = {
			isa = PBXShellScriptBuildPhase;
			buildActionMask = 2147483647;
			files = (
			);
			inputFileListPaths = (
			);
			inputPaths = (
				"${PODS_PODFILE_DIR_PATH}/Podfile.lock",
				"${PODS_ROOT}/Manifest.lock",
			);
			name = "[CP] Check Pods Manifest.lock";
			outputFileListPaths = (
			);
			outputPaths = (
				"$(DERIVED_FILE_DIR)/Pods-MyToDoList-checkManifestLockResult.txt",
			);
			runOnlyForDeploymentPostprocessing = 0;
			shellPath = /bin/sh;
			shellScript = "diff \"${PODS_PODFILE_DIR_PATH}/Podfile.lock\" \"${PODS_ROOT}/Manifest.lock\" > /dev/null\nif [ $? != 0 ] ; then\n    # print error to STDERR\n    echo \"error: The sandbox is not in sync with the Podfile.lock. Run 'pod install' or update your CocoaPods installation.\" >&2\n    exit 1\nfi\n# This output is used by Xcode 'outputs' to avoid re-running this script phase.\necho \"SUCCESS\" > \"${SCRIPT_OUTPUT_FILE_0}\"\n";
			showEnvVarsInLog = 0;
		};
/* End PBXShellScriptBuildPhase section */

/* Begin PBXSourcesBuildPhase section */
		9FD858532361503E0000A612 /* Sources */ = {
			isa = PBXSourcesBuildPhase;
			buildActionMask = 2147483647;
			files = (
				9F0D0CC0236BBD9200845FB6 /* Item.swift in Sources */,
				9F0D0CC2236BBDF400845FB6 /* Category.swift in Sources */,
				9F0B16F9236A834100D25456 /* CategoryViewController.swift in Sources */,
				9FD8585D2361503E0000A612 /* TodoListViewController.swift in Sources */,
				9F5ADAB8236FC0CB00473B75 /* SwipeTableViewController.swift in Sources */,
				9FD8585B2361503E0000A612 /* AppDelegate.swift in Sources */,
			);
			runOnlyForDeploymentPostprocessing = 0;
		};
/* End PBXSourcesBuildPhase section */

/* Begin PBXVariantGroup section */
		9FD8585E2361503E0000A612 /* Main.storyboard */ = {
			isa = PBXVariantGroup;
			children = (
				9FD8585F2361503E0000A612 /* Base */,
			);
			name = Main.storyboard;
			sourceTree = "<group>";
		};
		9FD85863236150400000A612 /* LaunchScreen.storyboard */ = {
			isa = PBXVariantGroup;
			children = (
				9FD85864236150400000A612 /* Base */,
			);
			name = LaunchScreen.storyboard;
			sourceTree = "<group>";
		};
/* End PBXVariantGroup section */

/* Begin XCBuildConfiguration section */
		9FD85867236150400000A612 /* Debug */ = {
			isa = XCBuildConfiguration;
			buildSettings = {
				ALWAYS_SEARCH_USER_PATHS = NO;
				CLANG_ANALYZER_NONNULL = YES;
				CLANG_ANALYZER_NUMBER_OBJECT_CONVERSION = YES_AGGRESSIVE;
				CLANG_CXX_LANGUAGE_STANDARD = "gnu++14";
				CLANG_CXX_LIBRARY = "libc++";
				CLANG_ENABLE_MODULES = YES;
				CLANG_ENABLE_OBJC_ARC = YES;
				CLANG_ENABLE_OBJC_WEAK = YES;
				CLANG_WARN_BLOCK_CAPTURE_AUTORELEASING = YES;
				CLANG_WARN_BOOL_CONVERSION = YES;
				CLANG_WARN_COMMA = YES;
				CLANG_WARN_CONSTANT_CONVERSION = YES;
				CLANG_WARN_DEPRECATED_OBJC_IMPLEMENTATIONS = YES;
				CLANG_WARN_DIRECT_OBJC_ISA_USAGE = YES_ERROR;
				CLANG_WARN_DOCUMENTATION_COMMENTS = YES;
				CLANG_WARN_EMPTY_BODY = YES;
				CLANG_WARN_ENUM_CONVERSION = YES;
				CLANG_WARN_INFINITE_RECURSION = YES;
				CLANG_WARN_INT_CONVERSION = YES;
				CLANG_WARN_NON_LITERAL_NULL_CONVERSION = YES;
				CLANG_WARN_OBJC_IMPLICIT_RETAIN_SELF = YES;
				CLANG_WARN_OBJC_LITERAL_CONVERSION = YES;
				CLANG_WARN_OBJC_ROOT_CLASS = YES_ERROR;
				CLANG_WARN_RANGE_LOOP_ANALYSIS = YES;
				CLANG_WARN_STRICT_PROTOTYPES = YES;
				CLANG_WARN_SUSPICIOUS_MOVE = YES;
				CLANG_WARN_UNGUARDED_AVAILABILITY = YES_AGGRESSIVE;
				CLANG_WARN_UNREACHABLE_CODE = YES;
				CLANG_WARN__DUPLICATE_METHOD_MATCH = YES;
				CODE_SIGN_IDENTITY = "iPhone Developer";
				COPY_PHASE_STRIP = NO;
				DEBUG_INFORMATION_FORMAT = dwarf;
				ENABLE_STRICT_OBJC_MSGSEND = YES;
				ENABLE_TESTABILITY = YES;
				GCC_C_LANGUAGE_STANDARD = gnu11;
				GCC_DYNAMIC_NO_PIC = NO;
				GCC_NO_COMMON_BLOCKS = YES;
				GCC_OPTIMIZATION_LEVEL = 0;
				GCC_PREPROCESSOR_DEFINITIONS = (
					"DEBUG=1",
					"$(inherited)",
				);
				GCC_WARN_64_TO_32_BIT_CONVERSION = YES;
				GCC_WARN_ABOUT_RETURN_TYPE = YES_ERROR;
				GCC_WARN_UNDECLARED_SELECTOR = YES;
				GCC_WARN_UNINITIALIZED_AUTOS = YES_AGGRESSIVE;
				GCC_WARN_UNUSED_FUNCTION = YES;
				GCC_WARN_UNUSED_VARIABLE = YES;
				IPHONEOS_DEPLOYMENT_TARGET = 12.4;
				MTL_ENABLE_DEBUG_INFO = INCLUDE_SOURCE;
				MTL_FAST_MATH = YES;
				ONLY_ACTIVE_ARCH = YES;
				SDKROOT = iphoneos;
				SWIFT_ACTIVE_COMPILATION_CONDITIONS = DEBUG;
				SWIFT_OPTIMIZATION_LEVEL = "-Onone";
			};
			name = Debug;
		};
		9FD85868236150400000A612 /* Release */ = {
			isa = XCBuildConfiguration;
			buildSettings = {
				ALWAYS_SEARCH_USER_PATHS = NO;
				CLANG_ANALYZER_NONNULL = YES;
				CLANG_ANALYZER_NUMBER_OBJECT_CONVERSION = YES_AGGRESSIVE;
				CLANG_CXX_LANGUAGE_STANDARD = "gnu++14";
				CLANG_CXX_LIBRARY = "libc++";
				CLANG_ENABLE_MODULES = YES;
				CLANG_ENABLE_OBJC_ARC = YES;
				CLANG_ENABLE_OBJC_WEAK = YES;
				CLANG_WARN_BLOCK_CAPTURE_AUTORELEASING = YES;
				CLANG_WARN_BOOL_CONVERSION = YES;
				CLANG_WARN_COMMA = YES;
				CLANG_WARN_CONSTANT_CONVERSION = YES;
				CLANG_WARN_DEPRECATED_OBJC_IMPLEMENTATIONS = YES;
				CLANG_WARN_DIRECT_OBJC_ISA_USAGE = YES_ERROR;
				CLANG_WARN_DOCUMENTATION_COMMENTS = YES;
				CLANG_WARN_EMPTY_BODY = YES;
				CLANG_WARN_ENUM_CONVERSION = YES;
				CLANG_WARN_INFINITE_RECURSION = YES;
				CLANG_WARN_INT_CONVERSION = YES;
				CLANG_WARN_NON_LITERAL_NULL_CONVERSION = YES;
				CLANG_WARN_OBJC_IMPLICIT_RETAIN_SELF = YES;
				CLANG_WARN_OBJC_LITERAL_CONVERSION = YES;
				CLANG_WARN_OBJC_ROOT_CLASS = YES_ERROR;
				CLANG_WARN_RANGE_LOOP_ANALYSIS = YES;
				CLANG_WARN_STRICT_PROTOTYPES = YES;
				CLANG_WARN_SUSPICIOUS_MOVE = YES;
				CLANG_WARN_UNGUARDED_AVAILABILITY = YES_AGGRESSIVE;
				CLANG_WARN_UNREACHABLE_CODE = YES;
				CLANG_WARN__DUPLICATE_METHOD_MATCH = YES;
				CODE_SIGN_IDENTITY = "iPhone Developer";
				COPY_PHASE_STRIP = NO;
				DEBUG_INFORMATION_FORMAT = "dwarf-with-dsym";
				ENABLE_NS_ASSERTIONS = NO;
				ENABLE_STRICT_OBJC_MSGSEND = YES;
				GCC_C_LANGUAGE_STANDARD = gnu11;
				GCC_NO_COMMON_BLOCKS = YES;
				GCC_WARN_64_TO_32_BIT_CONVERSION = YES;
				GCC_WARN_ABOUT_RETURN_TYPE = YES_ERROR;
				GCC_WARN_UNDECLARED_SELECTOR = YES;
				GCC_WARN_UNINITIALIZED_AUTOS = YES_AGGRESSIVE;
				GCC_WARN_UNUSED_FUNCTION = YES;
				GCC_WARN_UNUSED_VARIABLE = YES;
				IPHONEOS_DEPLOYMENT_TARGET = 12.4;
				MTL_ENABLE_DEBUG_INFO = NO;
				MTL_FAST_MATH = YES;
				SDKROOT = iphoneos;
				SWIFT_COMPILATION_MODE = wholemodule;
				SWIFT_OPTIMIZATION_LEVEL = "-O";
				VALIDATE_PRODUCT = YES;
			};
			name = Release;
		};
		9FD8586A236150400000A612 /* Debug */ = {
			isa = XCBuildConfiguration;
			baseConfigurationReference = 7FF79EA8DD6F1372E47B9FAC /* Pods-MyToDoList.debug.xcconfig */;
			buildSettings = {
				ASSETCATALOG_COMPILER_APPICON_NAME = AppIcon;
				CODE_SIGN_STYLE = Automatic;
				DEVELOPMENT_TEAM = 9UR5ABRL7P;
				INFOPLIST_FILE = MyToDoList/Info.plist;
				LD_RUNPATH_SEARCH_PATHS = (
					"$(inherited)",
					"@executable_path/Frameworks",
				);
				PRODUCT_BUNDLE_IDENTIFIER = Mirzayantie.MyToDoList;
				PRODUCT_NAME = "$(TARGET_NAME)";
				SWIFT_VERSION = 5.0;
				TARGETED_DEVICE_FAMILY = "1,2";
			};
			name = Debug;
		};
		9FD8586B236150400000A612 /* Release */ = {
			isa = XCBuildConfiguration;
			baseConfigurationReference = C0A42AFE5D00C5CD50EF4347 /* Pods-MyToDoList.release.xcconfig */;
			buildSettings = {
				ASSETCATALOG_COMPILER_APPICON_NAME = AppIcon;
				CODE_SIGN_STYLE = Automatic;
				DEVELOPMENT_TEAM = 9UR5ABRL7P;
				INFOPLIST_FILE = MyToDoList/Info.plist;
				LD_RUNPATH_SEARCH_PATHS = (
					"$(inherited)",
					"@executable_path/Frameworks",
				);
				PRODUCT_BUNDLE_IDENTIFIER = Mirzayantie.MyToDoList;
				PRODUCT_NAME = "$(TARGET_NAME)";
				SWIFT_VERSION = 5.0;
				TARGETED_DEVICE_FAMILY = "1,2";
			};
			name = Release;
		};
/* End XCBuildConfiguration section */

/* Begin XCConfigurationList section */
		9FD858522361503E0000A612 /* Build configuration list for PBXProject "MyToDoList" */ = {
			isa = XCConfigurationList;
			buildConfigurations = (
				9FD85867236150400000A612 /* Debug */,
				9FD85868236150400000A612 /* Release */,
			);
			defaultConfigurationIsVisible = 0;
			defaultConfigurationName = Release;
		};
		9FD85869236150400000A612 /* Build configuration list for PBXNativeTarget "MyToDoList" */ = {
			isa = XCConfigurationList;
			buildConfigurations = (
				9FD8586A236150400000A612 /* Debug */,
				9FD8586B236150400000A612 /* Release */,
			);
			defaultConfigurationIsVisible = 0;
			defaultConfigurationName = Release;
		};
/* End XCConfigurationList section */
	};
	rootObject = 9FD8584F2361503E0000A612 /* Project object */;
}
